
Microsoft Visual Studio Solution File, Format Version 12.00
# Visual Studio 14
VisualStudioVersion = 14.0.23107.0
MinimumVisualStudioVersion = 10.0.40219.1
Project("{FAE04EC0-301F-11D3-BF4B-00C04F79EFBC}") = "ModernStore.Domain", "ModernStore.Domain\ModernStore.Domain.csproj", "{A35649BD-5F21-458A-B82D-D3ADF74323C7}"
EndProject
Project("{FAE04EC0-301F-11D3-BF4B-00C04F79EFBC}") = "ModernStore.Console", "ModernStore.Console\ModernStore.Console.csproj", "{2B058725-143A-4771-A399-4D51FF63081C}"
EndProject
Project("{FAE04EC0-301F-11D3-BF4B-00C04F79EFBC}") = "ModernStore.Shared", "ModernStore.Shared\ModernStore.Shared.csproj", "{74569C36-7CA9-4165-9522-01FDDC6B5A05}"
EndProject
Project("{FAE04EC0-301F-11D3-BF4B-00C04F79EFBC}") = "ModernStore.Domain.Tests", "ModernStore.Domain.Tests\ModernStore.Domain.Tests.csproj", "{5299035E-7F4A-47A4-93E2-BEA6802EDDB1}"
EndProject
Global
	GlobalSection(SolutionConfigurationPlatforms) = preSolution
		Debug|Any CPU = Debug|Any CPU
		Release|Any CPU = Release|Any CPU
	EndGlobalSection
	GlobalSection(ProjectConfigurationPlatforms) = postSolution
		{A35649BD-5F21-458A-B82D-D3ADF74323C7}.Debug|Any CPU.ActiveCfg = Debug|Any CPU
		{A35649BD-5F21-458A-B82D-D3ADF74323C7}.Debug|Any CPU.Build.0 = Debug|Any CPU
		{A35649BD-5F21-458A-B82D-D3ADF74323C7}.Release|Any CPU.ActiveCfg = Release|Any CPU
		{A35649BD-5F21-458A-B82D-D3ADF74323C7}.Release|Any CPU.Build.0 = Release|Any CPU
		{2B058725-143A-4771-A399-4D51FF63081C}.Debug|Any CPU.ActiveCfg = Debug|Any CPU
		{2B058725-143A-4771-A399-4D51FF63081C}.Debug|Any CPU.Build.0 = Debug|Any CPU
		{2B058725-143A-4771-A399-4D51FF63081C}.Release|Any CPU.ActiveCfg = Release|Any CPU
		{2B058725-143A-4771-A399-4D51FF63081C}.Release|Any CPU.Build.0 = Release|Any CPU
		{74569C36-7CA9-4165-9522-01FDDC6B5A05}.Debug|Any CPU.ActiveCfg = Debug|Any CPU
		{74569C36-7CA9-4165-9522-01FDDC6B5A05}.Debug|Any CPU.Build.0 = Debug|Any CPU
		{74569C36-7CA9-4165-9522-01FDDC6B5A05}.Release|Any CPU.ActiveCfg = Release|Any CPU
		{74569C36-7CA9-4165-9522-01FDDC6B5A05}.Release|Any CPU.Build.0 = Release|Any CPU
		{5299035E-7F4A-47A4-93E2-BEA6802EDDB1}.Debug|Any CPU.ActiveCfg = Debug|Any CPU
		{5299035E-7F4A-47A4-93E2-BEA6802EDDB1}.Debug|Any CPU.Build.0 = Debug|Any CPU
		{5299035E-7F4A-47A4-93E2-BEA6802EDDB1}.Release|Any CPU.ActiveCfg = Release|Any CPU
		{5299035E-7F4A-47A4-93E2-BEA6802EDDB1}.Release|Any CPU.Build.0 = Release|Any CPU
	EndGlobalSection
	GlobalSection(SolutionProperties) = preSolution
		HideSolutionNode = FALSE
	EndGlobalSection
EndGlobal
